// !$*UTF8*$!
{
	archiveVersion = 1;
	classes = {
	};
	objectVersion = 46;
	objects = {

/* Begin PBXBuildFile section */
		137902D31D1E79BE0085EDF5 /* AppDelegate.swift in Sources */ = {isa = PBXBuildFile; fileRef = 137902D21D1E79BE0085EDF5 /* AppDelegate.swift */; };
		137902D81D1E79BE0085EDF5 /* Main.storyboard in Resources */ = {isa = PBXBuildFile; fileRef = 137902D61D1E79BE0085EDF5 /* Main.storyboard */; };
		137902DA1D1E79BE0085EDF5 /* Assets.xcassets in Resources */ = {isa = PBXBuildFile; fileRef = 137902D91D1E79BE0085EDF5 /* Assets.xcassets */; };
		137902DD1D1E79BE0085EDF5 /* LaunchScreen.storyboard in Resources */ = {isa = PBXBuildFile; fileRef = 137902DB1D1E79BE0085EDF5 /* LaunchScreen.storyboard */; };
		137902E51D1E7AE90085EDF5 /* NameBookTableViewController.swift in Sources */ = {isa = PBXBuildFile; fileRef = 137902E41D1E7AE90085EDF5 /* NameBookTableViewController.swift */; };
/* End PBXBuildFile section */

/* Begin PBXFileReference section */
		137902CF1D1E79BE0085EDF5 /* 5.CustomizeUItableviewcell.app */ = {isa = PBXFileReference; explicitFileType = wrapper.application; includeInIndex = 0; path = 5.CustomizeUItableviewcell.app; sourceTree = BUILT_PRODUCTS_DIR; };
		137902D21D1E79BE0085EDF5 /* AppDelegate.swift */ = {isa = PBXFileReference; lastKnownFileType = sourcecode.swift; path = AppDelegate.swift; sourceTree = "<group>"; };
		137902D71D1E79BE0085EDF5 /* Base */ = {isa = PBXFileReference; lastKnownFileType = file.storyboard; name = Base; path = Base.lproj/Main.storyboard; sourceTree = "<group>"; };
		137902D91D1E79BE0085EDF5 /* Assets.xcassets */ = {isa = PBXFileReference; lastKnownFileType = folder.assetcatalog; path = Assets.xcassets; sourceTree = "<group>"; };
		137902DC1D1E79BE0085EDF5 /* Base */ = {isa = PBXFileReference; lastKnownFileType = file.storyboard; name = Base; path = Base.lproj/LaunchScreen.storyboard; sourceTree = "<group>"; };
		137902DE1D1E79BE0085EDF5 /* Info.plist */ = {isa = PBXFileReference; lastKnownFileType = text.plist.xml; path = Info.plist; sourceTree = "<group>"; };
		137902E41D1E7AE90085EDF5 /* NameBookTableViewController.swift */ = {isa = PBXFileReference; fileEncoding = 4; lastKnownFileType = sourcecode.swift; name = NameBookTableViewController.swift; path = ../NameBookTableViewController.swift; sourceTree = "<group>"; };
/* End PBXFileReference section */

/* Begin PBXFrameworksBuildPhase section */
		137902CC1D1E79BE0085EDF5 /* Frameworks */ = {
			isa = PBXFrameworksBuildPhase;
			buildActionMask = 2147483647;
			files = (
			);
			runOnlyForDeploymentPostprocessing = 0;
		};
/* End PBXFrameworksBuildPhase section */

/* Begin PBXGroup section */
		137902C61D1E79BE0085EDF5 = {
			isa = PBXGroup;
			children = (
				137902D11D1E79BE0085EDF5 /* 5.CustomizeUItableviewcell */,
				137902D01D1E79BE0085EDF5 /* Products */,
			);
			sourceTree = "<group>";
		};
		137902D01D1E79BE0085EDF5 /* Products */ = {
			isa = PBXGroup;
			children = (
				137902CF1D1E79BE0085EDF5 /* 5.CustomizeUItableviewcell.app */,
			);
			name = Products;
			sourceTree = "<group>";
		};
		137902D11D1E79BE0085EDF5 /* 5.CustomizeUItableviewcell */ = {
			isa = PBXGroup;
			children = (
				137902D21D1E79BE0085EDF5 /* AppDelegate.swift */,
				137902E41D1E7AE90085EDF5 /* NameBookTableViewController.swift */,
				137902D61D1E79BE0085EDF5 /* Main.storyboard */,
				137902D91D1E79BE0085EDF5 /* Assets.xcassets */,
				137902DB1D1E79BE0085EDF5 /* LaunchScreen.storyboard */,
				137902DE1D1E79BE0085EDF5 /* Info.plist */,
			);
			path = 5.CustomizeUItableviewcell;
			sourceTree = "<group>";
		};
/* End PBXGroup section */

/* Begin PBXNativeTarget section */
		137902CE1D1E79BE0085EDF5 /* 5.CustomizeUItableviewcell */ = {
			isa = PBXNativeTarget;
			buildConfigurationList = 137902E11D1E79BE0085EDF5 /* Build configuration list for PBXNativeTarget "5.CustomizeUItableviewcell" */;
			buildPhases = (
				137902CB1D1E79BE0085EDF5 /* Sources */,
				137902CC1D1E79BE0085EDF5 /* Frameworks */,
				137902CD1D1E79BE0085EDF5 /* Resources */,
			);
			buildRules = (
			);
			dependencies = (
			);
			name = 5.CustomizeUItableviewcell;
			productName = 5.CustomizeUItableviewcell;
			productReference = 137902CF1D1E79BE0085EDF5 /* 5.CustomizeUItableviewcell.app */;
			productType = "com.apple.product-type.application";
		};
/* End PBXNativeTarget section */

/* Begin PBXProject section */
		137902C71D1E79BE0085EDF5 /* Project object */ = {
			isa = PBXProject;
			attributes = {
				LastSwiftUpdateCheck = 0730;
				LastUpgradeCheck = 0730;
				ORGANIZATIONNAME = DarisCode;
				TargetAttributes = {
					137902CE1D1E79BE0085EDF5 = {
						CreatedOnToolsVersion = 7.3;
						DevelopmentTeam = N9T35RDGV9;
					};
				};
			};
			buildConfigurationList = 137902CA1D1E79BE0085EDF5 /* Build configuration list for PBXProject "5.CustomizeUItableviewcell" */;
			compatibilityVersion = "Xcode 3.2";
			developmentRegion = English;
			hasScannedForEncodings = 0;
			knownRegions = (
				en,
				Base,
			);
			mainGroup = 137902C61D1E79BE0085EDF5;
			productRefGroup = 137902D01D1E79BE0085EDF5 /* Products */;
			projectDirPath = "";
			projectRoot = "";
			targets = (
				137902CE1D1E79BE0085EDF5 /* 5.CustomizeUItableviewcell */,
			);
		};
/* End PBXProject section */

/* Begin PBXResourcesBuildPhase section */
		137902CD1D1E79BE0085EDF5 /* Resources */ = {
			isa = PBXResourcesBuildPhase;
			buildActionMask = 2147483647;
			files = (
				137902DD1D1E79BE0085EDF5 /* LaunchScreen.storyboard in Resources */,
				137902DA1D1E79BE0085EDF5 /* Assets.xcassets in Resources */,
				137902D81D1E79BE0085EDF5 /* Main.storyboard in Resources */,
			);
			runOnlyForDeploymentPostprocessing = 0;
		};
/* End PBXResourcesBuildPhase section */

/* Begin PBXSourcesBuildPhase section */
		137902CB1D1E79BE0085EDF5 /* Sources */ = {
			isa = PBXSourcesBuildPhase;
			buildActionMask = 2147483647;
			files = (
				137902D31D1E79BE0085EDF5 /* AppDelegate.swift in Sources */,
				137902E51D1E7AE90085EDF5 /* NameBookTableViewController.swift in Sources */,
			);
			runOnlyForDeploymentPostprocessing = 0;
		};
/* End PBXSourcesBuildPhase section */

/* Begin PBXVariantGroup section */
		137902D61D1E79BE0085EDF5 /* Main.storyboard */ = {
			isa = PBXVariantGroup;
			children = (
				137902D71D1E79BE0085EDF5 /* Base */,
			);
			name = Main.storyboard;
			sourceTree = "<group>";
		};
		137902DB1D1E79BE0085EDF5 /* LaunchScreen.storyboard */ = {
			isa = PBXVariantGroup;
			children = (
				137902DC1D1E79BE0085EDF5 /* Base */,
			);
			name = LaunchScreen.storyboard;
			sourceTree = "<group>";
		};
/* End PBXVariantGroup section */

/* Begin XCBuildConfiguration section */
		137902DF1D1E79BE0085EDF5 /* Debug */ = {
			isa = XCBuildConfiguration;
			buildSettings = {
				ALWAYS_SEARCH_USER_PATHS = NO;
				CLANG_ANALYZER_NONNULL = YES;
				CLANG_CXX_LANGUAGE_STANDARD = "gnu++0x";
				CLANG_CXX_LIBRARY = "libc++";
				CLANG_ENABLE_MODULES = YES;
				CLANG_ENABLE_OBJC_ARC = YES;
				CLANG_WARN_BOOL_CONVERSION = YES;
				CLANG_WARN_CONSTANT_CONVERSION = YES;
				CLANG_WARN_DIRECT_OBJC_ISA_USAGE = YES_ERROR;
				CLANG_WARN_EMPTY_BODY = YES;
				CLANG_WARN_ENUM_CONVERSION = YES;
				CLANG_WARN_INT_CONVERSION = YES;
				CLANG_WARN_OBJC_ROOT_CLASS = YES_ERROR;
				CLANG_WARN_UNREACHABLE_CODE = YES;
				CLANG_WARN__DUPLICATE_METHOD_MATCH = YES;
				"CODE_SIGN_IDENTITY[sdk=iphoneos*]" = "iPhone Developer";
				COPY_PHASE_STRIP = NO;
				DEBUG_INFORMATION_FORMAT = dwarf;
				ENABLE_STRICT_OBJC_MSGSEND = YES;
				ENABLE_TESTABILITY = YES;
				GCC_C_LANGUAGE_STANDARD = gnu99;
				GCC_DYNAMIC_NO_PIC = NO;
				GCC_NO_COMMON_BLOCKS = YES;
				GCC_OPTIMIZATION_LEVEL = 0;
				GCC_PREPROCESSOR_DEFINITIONS = (
					"DEBUG=1",
					"$(inherited)",
				);
				GCC_WARN_64_TO_32_BIT_CONVERSION = YES;
				GCC_WARN_ABOUT_RETURN_TYPE = YES_ERROR;
				GCC_WARN_UNDECLARED_SELECTOR = YES;
				GCC_WARN_UNINITIALIZED_AUTOS = YES_AGGRESSIVE;
				GCC_WARN_UNUSED_FUNCTION = YES;
				GCC_WARN_UNUSED_VARIABLE = YES;
				IPHONEOS_DEPLOYMENT_TARGET = 9.3;
				MTL_ENABLE_DEBUG_INFO = YES;
				ONLY_ACTIVE_ARCH = YES;
				SDKROOT = iphoneos;
				SWIFT_OPTIMIZATION_LEVEL = "-Onone";
				TARGETED_DEVICE_FAMILY = "1,2";
			};
			name = Debug;
		};
		137902E01D1E79BE0085EDF5 /* Release */ = {
			isa = XCBuildConfiguration;
			buildSettings = {
				ALWAYS_SEARCH_USER_PATHS = NO;
				CLANG_ANALYZER_NONNULL = YES;
				CLANG_CXX_LANGUAGE_STANDARD = "gnu++0x";
				CLANG_CXX_LIBRARY = "libc++";
				CLANG_ENABLE_MODULES = YES;
				CLANG_ENABLE_OBJC_ARC = YES;
				CLANG_WARN_BOOL_CONVERSION = YES;
				CLANG_WARN_CONSTANT_CONVERSION = YES;
				CLANG_WARN_DIRECT_OBJC_ISA_USAGE = YES_ERROR;
				CLANG_WARN_EMPTY_BODY = YES;
				CLANG_WARN_ENUM_CONVERSION = YES;
				CLANG_WARN_INT_CONVERSION = YES;
				CLANG_WARN_OBJC_ROOT_CLASS = YES_ERROR;
				CLANG_WARN_UNREACHABLE_CODE = YES;
				CLANG_WARN__DUPLICATE_METHOD_MATCH = YES;
				"CODE_SIGN_IDENTITY[sdk=iphoneos*]" = "iPhone Developer";
				COPY_PHASE_STRIP = NO;
				DEBUG_INFORMATION_FORMAT = "dwarf-with-dsym";
				ENABLE_NS_ASSERTIONS = NO;
				ENABLE_STRICT_OBJC_MSGSEND = YES;
				GCC_C_LANGUAGE_STANDARD = gnu99;
				GCC_NO_COMMON_BLOCKS = YES;
				GCC_WARN_64_TO_32_BIT_CONVERSION = YES;
				GCC_WARN_ABOUT_RETURN_TYPE = YES_ERROR;
				GCC_WARN_UNDECLARED_SELECTOR = YES;
				GCC_WARN_UNINITIALIZED_AUTOS = YES_AGGRESSIVE;
				GCC_WARN_UNUSED_FUNCTION = YES;
				GCC_WARN_UNUSED_VARIABLE = YES;
				IPHONEOS_DEPLOYMENT_TARGET = 9.3;
				MTL_ENABLE_DEBUG_INFO = NO;
				SDKROOT = iphoneos;
				TARGETED_DEVICE_FAMILY = "1,2";
				VALIDATE_PRODUCT = YES;
			};
			name = Release;
		};
		137902E21D1E79BE0085EDF5 /* Debug */ = {
			isa = XCBuildConfiguration;
			buildSettings = {
				ASSETCATALOG_COMPILER_APPICON_NAME = AppIcon;
				INFOPLIST_FILE = 5.CustomizeUItableviewcell/Info.plist;
				LD_RUNPATH_SEARCH_PATHS = "$(inherited) @executable_path/Frameworks";
				PRODUCT_BUNDLE_IDENTIFIER = "Ap102.--CustomizeUItableviewcell";
				PRODUCT_NAME = "$(TARGET_NAME)";
			};
			name = Debug;
		};
		137902E31D1E79BE0085EDF5 /* Release */ = {
			isa = XCBuildConfiguration;
			buildSettings = {
				ASSETCATALOG_COMPILER_APPICON_NAME = AppIcon;
				INFOPLIST_FILE = 5.CustomizeUItableviewcell/Info.plist;
				LD_RUNPATH_SEARCH_PATHS = "$(inherited) @executable_path/Frameworks";
				PRODUCT_BUNDLE_IDENTIFIER = "Ap102.--CustomizeUItableviewcell";
				PRODUCT_NAME = "$(TARGET_NAME)";
			};
			name = Release;
		};
/* End XCBuildConfiguration section */

/* Begin XCConfigurationList section */
		137902CA1D1E79BE0085EDF5 /* Build configuration list for PBXProject "5.CustomizeUItableviewcell" */ = {
			isa = XCConfigurationList;
			buildConfigurations = (
				137902DF1D1E79BE0085EDF5 /* Debug */,
				137902E01D1E79BE0085EDF5 /* Release */,
			);
			defaultConfigurationIsVisible = 0;
			defaultConfigurationName = Release;
		};
		137902E11D1E79BE0085EDF5 /* Build configuration list for PBXNativeTarget "5.CustomizeUItableviewcell" */ = {
			isa = XCConfigurationList;
			buildConfigurations = (
				137902E21D1E79BE0085EDF5 /* Debug */,
				137902E31D1E79BE0085EDF5 /* Release */,
			);
			defaultConfigurationIsVisible = 0;
		};
/* End XCConfigurationList section */
	};
	rootObject = 137902C71D1E79BE0085EDF5 /* Project object */;
}
