// !$*UTF8*$!
{
	archiveVersion = 1;
	classes = {
	};
	objectVersion = 46;
	objects = {

/* Begin PBXBuildFile section */
		13ED4E481D1D40F0006E434A /* AppDelegate.swift in Sources */ = {isa = PBXBuildFile; fileRef = 13ED4E471D1D40F0006E434A /* AppDelegate.swift */; };
		13ED4E4A1D1D40F0006E434A /* ViewController.swift in Sources */ = {isa = PBXBuildFile; fileRef = 13ED4E491D1D40F0006E434A /* ViewController.swift */; };
		13ED4E4D1D1D40F0006E434A /* Main.storyboard in Resources */ = {isa = PBXBuildFile; fileRef = 13ED4E4B1D1D40F0006E434A /* Main.storyboard */; };
		13ED4E4F1D1D40F0006E434A /* Assets.xcassets in Resources */ = {isa = PBXBuildFile; fileRef = 13ED4E4E1D1D40F0006E434A /* Assets.xcassets */; };
		13ED4E521D1D40F0006E434A /* LaunchScreen.storyboard in Resources */ = {isa = PBXBuildFile; fileRef = 13ED4E501D1D40F0006E434A /* LaunchScreen.storyboard */; };
/* End PBXBuildFile section */

/* Begin PBXFileReference section */
		13ED4E441D1D40F0006E434A /* 4TableView.app */ = {isa = PBXFileReference; explicitFileType = wrapper.application; includeInIndex = 0; path = 4TableView.app; sourceTree = BUILT_PRODUCTS_DIR; };
		13ED4E471D1D40F0006E434A /* AppDelegate.swift */ = {isa = PBXFileReference; lastKnownFileType = sourcecode.swift; path = AppDelegate.swift; sourceTree = "<group>"; };
		13ED4E491D1D40F0006E434A /* ViewController.swift */ = {isa = PBXFileReference; lastKnownFileType = sourcecode.swift; path = ViewController.swift; sourceTree = "<group>"; };
		13ED4E4C1D1D40F0006E434A /* Base */ = {isa = PBXFileReference; lastKnownFileType = file.storyboard; name = Base; path = Base.lproj/Main.storyboard; sourceTree = "<group>"; };
		13ED4E4E1D1D40F0006E434A /* Assets.xcassets */ = {isa = PBXFileReference; lastKnownFileType = folder.assetcatalog; path = Assets.xcassets; sourceTree = "<group>"; };
		13ED4E511D1D40F0006E434A /* Base */ = {isa = PBXFileReference; lastKnownFileType = file.storyboard; name = Base; path = Base.lproj/LaunchScreen.storyboard; sourceTree = "<group>"; };
		13ED4E531D1D40F0006E434A /* Info.plist */ = {isa = PBXFileReference; lastKnownFileType = text.plist.xml; path = Info.plist; sourceTree = "<group>"; };
/* End PBXFileReference section */

/* Begin PBXFrameworksBuildPhase section */
		13ED4E411D1D40F0006E434A /* Frameworks */ = {
			isa = PBXFrameworksBuildPhase;
			buildActionMask = 2147483647;
			files = (
			);
			runOnlyForDeploymentPostprocessing = 0;
		};
/* End PBXFrameworksBuildPhase section */

/* Begin PBXGroup section */
		13ED4E3B1D1D40F0006E434A = {
			isa = PBXGroup;
			children = (
				13ED4E461D1D40F0006E434A /* 4TableView */,
				13ED4E451D1D40F0006E434A /* Products */,
			);
			sourceTree = "<group>";
		};
		13ED4E451D1D40F0006E434A /* Products */ = {
			isa = PBXGroup;
			children = (
				13ED4E441D1D40F0006E434A /* 4TableView.app */,
			);
			name = Products;
			sourceTree = "<group>";
		};
		13ED4E461D1D40F0006E434A /* 4TableView */ = {
			isa = PBXGroup;
			children = (
				13ED4E471D1D40F0006E434A /* AppDelegate.swift */,
				13ED4E491D1D40F0006E434A /* ViewController.swift */,
				13ED4E4B1D1D40F0006E434A /* Main.storyboard */,
				13ED4E4E1D1D40F0006E434A /* Assets.xcassets */,
				13ED4E501D1D40F0006E434A /* LaunchScreen.storyboard */,
				13ED4E531D1D40F0006E434A /* Info.plist */,
			);
			path = 4TableView;
			sourceTree = "<group>";
		};
/* End PBXGroup section */

/* Begin PBXNativeTarget section */
		13ED4E431D1D40F0006E434A /* 4TableView */ = {
			isa = PBXNativeTarget;
			buildConfigurationList = 13ED4E561D1D40F0006E434A /* Build configuration list for PBXNativeTarget "4TableView" */;
			buildPhases = (
				13ED4E401D1D40F0006E434A /* Sources */,
				13ED4E411D1D40F0006E434A /* Frameworks */,
				13ED4E421D1D40F0006E434A /* Resources */,
			);
			buildRules = (
			);
			dependencies = (
			);
			name = 4TableView;
			productName = 4TableView;
			productReference = 13ED4E441D1D40F0006E434A /* 4TableView.app */;
			productType = "com.apple.product-type.application";
		};
/* End PBXNativeTarget section */

/* Begin PBXProject section */
		13ED4E3C1D1D40F0006E434A /* Project object */ = {
			isa = PBXProject;
			attributes = {
				LastSwiftUpdateCheck = 0730;
				LastUpgradeCheck = 0730;
				ORGANIZATIONNAME = DarisCode;
				TargetAttributes = {
					13ED4E431D1D40F0006E434A = {
						CreatedOnToolsVersion = 7.3;
						DevelopmentTeam = N9T35RDGV9;
					};
				};
			};
			buildConfigurationList = 13ED4E3F1D1D40F0006E434A /* Build configuration list for PBXProject "4TableView" */;
			compatibilityVersion = "Xcode 3.2";
			developmentRegion = English;
			hasScannedForEncodings = 0;
			knownRegions = (
				en,
				Base,
			);
			mainGroup = 13ED4E3B1D1D40F0006E434A;
			productRefGroup = 13ED4E451D1D40F0006E434A /* Products */;
			projectDirPath = "";
			projectRoot = "";
			targets = (
				13ED4E431D1D40F0006E434A /* 4TableView */,
			);
		};
/* End PBXProject section */

/* Begin PBXResourcesBuildPhase section */
		13ED4E421D1D40F0006E434A /* Resources */ = {
			isa = PBXResourcesBuildPhase;
			buildActionMask = 2147483647;
			files = (
				13ED4E521D1D40F0006E434A /* LaunchScreen.storyboard in Resources */,
				13ED4E4F1D1D40F0006E434A /* Assets.xcassets in Resources */,
				13ED4E4D1D1D40F0006E434A /* Main.storyboard in Resources */,
			);
			runOnlyForDeploymentPostprocessing = 0;
		};
/* End PBXResourcesBuildPhase section */

/* Begin PBXSourcesBuildPhase section */
		13ED4E401D1D40F0006E434A /* Sources */ = {
			isa = PBXSourcesBuildPhase;
			buildActionMask = 2147483647;
			files = (
				13ED4E4A1D1D40F0006E434A /* ViewController.swift in Sources */,
				13ED4E481D1D40F0006E434A /* AppDelegate.swift in Sources */,
			);
			runOnlyForDeploymentPostprocessing = 0;
		};
/* End PBXSourcesBuildPhase section */

/* Begin PBXVariantGroup section */
		13ED4E4B1D1D40F0006E434A /* Main.storyboard */ = {
			isa = PBXVariantGroup;
			children = (
				13ED4E4C1D1D40F0006E434A /* Base */,
			);
			name = Main.storyboard;
			sourceTree = "<group>";
		};
		13ED4E501D1D40F0006E434A /* LaunchScreen.storyboard */ = {
			isa = PBXVariantGroup;
			children = (
				13ED4E511D1D40F0006E434A /* Base */,
			);
			name = LaunchScreen.storyboard;
			sourceTree = "<group>";
		};
/* End PBXVariantGroup section */

/* Begin XCBuildConfiguration section */
		13ED4E541D1D40F0006E434A /* Debug */ = {
			isa = XCBuildConfiguration;
			buildSettings = {
				ALWAYS_SEARCH_USER_PATHS = NO;
				CLANG_ANALYZER_NONNULL = YES;
				CLANG_CXX_LANGUAGE_STANDARD = "gnu++0x";
				CLANG_CXX_LIBRARY = "libc++";
				CLANG_ENABLE_MODULES = YES;
				CLANG_ENABLE_OBJC_ARC = YES;
				CLANG_WARN_BOOL_CONVERSION = YES;
				CLANG_WARN_CONSTANT_CONVERSION = YES;
				CLANG_WARN_DIRECT_OBJC_ISA_USAGE = YES_ERROR;
				CLANG_WARN_EMPTY_BODY = YES;
				CLANG_WARN_ENUM_CONVERSION = YES;
				CLANG_WARN_INT_CONVERSION = YES;
				CLANG_WARN_OBJC_ROOT_CLASS = YES_ERROR;
				CLANG_WARN_UNREACHABLE_CODE = YES;
				CLANG_WARN__DUPLICATE_METHOD_MATCH = YES;
				"CODE_SIGN_IDENTITY[sdk=iphoneos*]" = "iPhone Developer";
				COPY_PHASE_STRIP = NO;
				DEBUG_INFORMATION_FORMAT = dwarf;
				ENABLE_STRICT_OBJC_MSGSEND = YES;
				ENABLE_TESTABILITY = YES;
				GCC_C_LANGUAGE_STANDARD = gnu99;
				GCC_DYNAMIC_NO_PIC = NO;
				GCC_NO_COMMON_BLOCKS = YES;
				GCC_OPTIMIZATION_LEVEL = 0;
				GCC_PREPROCESSOR_DEFINITIONS = (
					"DEBUG=1",
					"$(inherited)",
				);
				GCC_WARN_64_TO_32_BIT_CONVERSION = YES;
				GCC_WARN_ABOUT_RETURN_TYPE = YES_ERROR;
				GCC_WARN_UNDECLARED_SELECTOR = YES;
				GCC_WARN_UNINITIALIZED_AUTOS = YES_AGGRESSIVE;
				GCC_WARN_UNUSED_FUNCTION = YES;
				GCC_WARN_UNUSED_VARIABLE = YES;
				IPHONEOS_DEPLOYMENT_TARGET = 9.3;
				MTL_ENABLE_DEBUG_INFO = YES;
				ONLY_ACTIVE_ARCH = YES;
				SDKROOT = iphoneos;
				SWIFT_OPTIMIZATION_LEVEL = "-Onone";
				TARGETED_DEVICE_FAMILY = "1,2";
			};
			name = Debug;
		};
		13ED4E551D1D40F0006E434A /* Release */ = {
			isa = XCBuildConfiguration;
			buildSettings = {
				ALWAYS_SEARCH_USER_PATHS = NO;
				CLANG_ANALYZER_NONNULL = YES;
				CLANG_CXX_LANGUAGE_STANDARD = "gnu++0x";
				CLANG_CXX_LIBRARY = "libc++";
				CLANG_ENABLE_MODULES = YES;
				CLANG_ENABLE_OBJC_ARC = YES;
				CLANG_WARN_BOOL_CONVERSION = YES;
				CLANG_WARN_CONSTANT_CONVERSION = YES;
				CLANG_WARN_DIRECT_OBJC_ISA_USAGE = YES_ERROR;
				CLANG_WARN_EMPTY_BODY = YES;
				CLANG_WARN_ENUM_CONVERSION = YES;
				CLANG_WARN_INT_CONVERSION = YES;
				CLANG_WARN_OBJC_ROOT_CLASS = YES_ERROR;
				CLANG_WARN_UNREACHABLE_CODE = YES;
				CLANG_WARN__DUPLICATE_METHOD_MATCH = YES;
				"CODE_SIGN_IDENTITY[sdk=iphoneos*]" = "iPhone Developer";
				COPY_PHASE_STRIP = NO;
				DEBUG_INFORMATION_FORMAT = "dwarf-with-dsym";
				ENABLE_NS_ASSERTIONS = NO;
				ENABLE_STRICT_OBJC_MSGSEND = YES;
				GCC_C_LANGUAGE_STANDARD = gnu99;
				GCC_NO_COMMON_BLOCKS = YES;
				GCC_WARN_64_TO_32_BIT_CONVERSION = YES;
				GCC_WARN_ABOUT_RETURN_TYPE = YES_ERROR;
				GCC_WARN_UNDECLARED_SELECTOR = YES;
				GCC_WARN_UNINITIALIZED_AUTOS = YES_AGGRESSIVE;
				GCC_WARN_UNUSED_FUNCTION = YES;
				GCC_WARN_UNUSED_VARIABLE = YES;
				IPHONEOS_DEPLOYMENT_TARGET = 9.3;
				MTL_ENABLE_DEBUG_INFO = NO;
				SDKROOT = iphoneos;
				TARGETED_DEVICE_FAMILY = "1,2";
				VALIDATE_PRODUCT = YES;
			};
			name = Release;
		};
		13ED4E571D1D40F0006E434A /* Debug */ = {
			isa = XCBuildConfiguration;
			buildSettings = {
				ASSETCATALOG_COMPILER_APPICON_NAME = AppIcon;
				INFOPLIST_FILE = 4TableView/Info.plist;
				LD_RUNPATH_SEARCH_PATHS = "$(inherited) @executable_path/Frameworks";
				PRODUCT_BUNDLE_IDENTIFIER = "Ap102.-TableView";
				PRODUCT_NAME = "$(TARGET_NAME)";
			};
			name = Debug;
		};
		13ED4E581D1D40F0006E434A /* Release */ = {
			isa = XCBuildConfiguration;
			buildSettings = {
				ASSETCATALOG_COMPILER_APPICON_NAME = AppIcon;
				INFOPLIST_FILE = 4TableView/Info.plist;
				LD_RUNPATH_SEARCH_PATHS = "$(inherited) @executable_path/Frameworks";
				PRODUCT_BUNDLE_IDENTIFIER = "Ap102.-TableView";
				PRODUCT_NAME = "$(TARGET_NAME)";
			};
			name = Release;
		};
/* End XCBuildConfiguration section */

/* Begin XCConfigurationList section */
		13ED4E3F1D1D40F0006E434A /* Build configuration list for PBXProject "4TableView" */ = {
			isa = XCConfigurationList;
			buildConfigurations = (
				13ED4E541D1D40F0006E434A /* Debug */,
				13ED4E551D1D40F0006E434A /* Release */,
			);
			defaultConfigurationIsVisible = 0;
			defaultConfigurationName = Release;
		};
		13ED4E561D1D40F0006E434A /* Build configuration list for PBXNativeTarget "4TableView" */ = {
			isa = XCConfigurationList;
			buildConfigurations = (
				13ED4E571D1D40F0006E434A /* Debug */,
				13ED4E581D1D40F0006E434A /* Release */,
			);
			defaultConfigurationIsVisible = 0;
		};
/* End XCConfigurationList section */
	};
	rootObject = 13ED4E3C1D1D40F0006E434A /* Project object */;
}
